
Microsoft Visual Studio Solution File, Format Version 12.00
# Visual Studio Version 16
VisualStudioVersion = 16.0.29230.47
MinimumVisualStudioVersion = 10.0.40219.1
Project("{9A19103F-16F7-4668-BE54-9A1E7A4F7556}") = "Blueprint.Compiler", "src\Blueprint.Compiler\Blueprint.Compiler.csproj", "{7674DAD1-13EF-4D51-91EC-0B76BCB87E6D}"
EndProject
Project("{9A19103F-16F7-4668-BE54-9A1E7A4F7556}") = "Blueprint", "src\Blueprint\Blueprint.csproj", "{C7A422DB-A037-4F15-BD0C-FADD08DEEADC}"
EndProject
Project("{9A19103F-16F7-4668-BE54-9A1E7A4F7556}") = "Blueprint.Tasks.Hangfire", "src\Blueprint.Tasks.Hangfire\Blueprint.Tasks.Hangfire.csproj", "{6EC8053C-6A69-4103-9663-711E42E9EADB}"
EndProject
Project("{9A19103F-16F7-4668-BE54-9A1E7A4F7556}") = "Blueprint.Testing", "src\Blueprint.Testing\Blueprint.Testing.csproj", "{1ADB1F40-BD86-43D4-84A3-23C524060314}"
EndProject
Project("{9A19103F-16F7-4668-BE54-9A1E7A4F7556}") = "Blueprint.Tests", "tests\Blueprint.Tests\Blueprint.Tests.csproj", "{F469E40C-B0F3-4645-9344-1F4F35717958}"
EndProject
Project("{9A19103F-16F7-4668-BE54-9A1E7A4F7556}") = "Blueprint.Notifications", "src\Blueprint.Notifications\Blueprint.Notifications.csproj", "{7CC83E0F-C068-47B2-BFEC-F35B4B28DFAE}"
EndProject
Project("{9A19103F-16F7-4668-BE54-9A1E7A4F7556}") = "Blueprint.SqlServer", "src\Blueprint.SqlServer\Blueprint.SqlServer.csproj", "{13F6F4DE-8A22-413C-A685-7413ACEAB2FC}"
EndProject
Project("{9A19103F-16F7-4668-BE54-9A1E7A4F7556}") = "Blueprint.Postgres", "src\Blueprint.Postgres\Blueprint.Postgres.csproj", "{08F031E5-4B36-4C4D-8A85-A245025D3B55}"
EndProject
Project("{9A19103F-16F7-4668-BE54-9A1E7A4F7556}") = "Blueprint.Apm.ApplicationInsights", "src\Blueprint.Apm.ApplicationInsights\Blueprint.Apm.ApplicationInsights.csproj", "{E548332B-DB5E-48C5-933F-5DDD6AA42BC1}"
EndProject
Project("{9A19103F-16F7-4668-BE54-9A1E7A4F7556}") = "Blueprint.StructureMap", "src\Blueprint.StructureMap\Blueprint.StructureMap.csproj", "{2A11A316-1F23-4FED-B480-2DC55B9C4A31}"
EndProject
Project("{9A19103F-16F7-4668-BE54-9A1E7A4F7556}") = "Blueprint.Apm.Stackify", "src\Blueprint.Apm.Stackify\Blueprint.Apm.Stackify.csproj", "{8AA96541-267F-42FD-8399-37952881347F}"
EndProject
Project("{2150E333-8FDC-42A3-9474-1A3956D46DE8}") = "Samples", "Samples", "{EACE4109-A1D6-4FAE-846D-98A171871FF6}"
	ProjectSection(SolutionItems) = preProject
		samples\Directory.Build.props = samples\Directory.Build.props
	EndProjectSection
EndProject
Project("{2150E333-8FDC-42A3-9474-1A3956D46DE8}") = "Tests", "Tests", "{9500564D-5E23-471A-BE6E-EA9051177CE1}"
	ProjectSection(SolutionItems) = preProject
		tests\CustomDictionary.xml = tests\CustomDictionary.xml
		tests\Directory.Build.props = tests\Directory.Build.props
		tests\Rules.ruleset = tests\Rules.ruleset
		tests\Stylecop.json = tests\Stylecop.json
	EndProjectSection
EndProject
Project("{9A19103F-16F7-4668-BE54-9A1E7A4F7556}") = "Blueprint.Sample.WebApi", "samples\Blueprint.Sample.WebApi\Blueprint.Sample.WebApi.csproj", "{8C575F82-1372-485C-83C1-67C359CF9273}"
EndProject
Project("{9A19103F-16F7-4668-BE54-9A1E7A4F7556}") = "Blueprint.Sample.Console.CounterApp", "samples\Blueprint.Sample.Console.CounterApp\Blueprint.Sample.Console.CounterApp.csproj", "{DCBCA75F-2724-4E2D-A2DE-5CBCDAE2457A}"
EndProject
Project("{2150E333-8FDC-42A3-9474-1A3956D46DE8}") = "Build", "Build", "{1607A208-63F6-4816-BD68-CBAE9B703157}"
	ProjectSection(SolutionItems) = preProject
		.github\workflows\blueprint-build.yml = .github\workflows\blueprint-build.yml
		.github\workflows\blueprint-release.yml = .github\workflows\blueprint-release.yml
		sonar-project.properties = sonar-project.properties
	EndProjectSection
EndProject
Project("{2150E333-8FDC-42A3-9474-1A3956D46DE8}") = "Source", "Source", "{44E38BE8-9648-4112-920F-2A0EE10A6F8C}"
	ProjectSection(SolutionItems) = preProject
		src\.editorconfig = src\.editorconfig
		src\CustomDictionary.xml = src\CustomDictionary.xml
		src\Directory.Build.props = src\Directory.Build.props
		src\Rules.ruleset = src\Rules.ruleset
		src\Stylecop.json = src\Stylecop.json
	EndProjectSection
EndProject
Project("{2150E333-8FDC-42A3-9474-1A3956D46DE8}") = "Repo", "Repo", "{B407234C-3957-4C16-A581-FBAC4436F75A}"
	ProjectSection(SolutionItems) = preProject
		CODE_OF_CONDUCT.md = CODE_OF_CONDUCT.md
		Directory.Build.props = Directory.Build.props
		LICENSE.md = LICENSE.md
		NuGet.Config = NuGet.Config
		README.md = README.md
		FAQ.md = FAQ.md
	EndProjectSection
EndProject
Project("{9A19103F-16F7-4668-BE54-9A1E7A4F7556}") = "Blueprint.Compiler.Tests", "tests\Blueprint.Compiler.Tests\Blueprint.Compiler.Tests.csproj", "{AFD34C5B-80F7-4190-B581-5AC0DE5FE197}"
EndProject
Project("{9A19103F-16F7-4668-BE54-9A1E7A4F7556}") = "Blueprint.Http", "src\Blueprint.Http\Blueprint.Http.csproj", "{E9F589F2-B7E6-4EEE-9B91-400A32A6FBAD}"
EndProject
Project("{9A19103F-16F7-4668-BE54-9A1E7A4F7556}") = "Blueprint.Tasks", "src\Blueprint.Tasks\Blueprint.Tasks.csproj", "{92A00B44-2D35-4291-852D-14B9A1386908}"
EndProject
Project("{9A19103F-16F7-4668-BE54-9A1E7A4F7556}") = "Blueprint.Samples.TaskProcessor", "samples\Blueprint.Samples.TaskProcessor\Blueprint.Samples.TaskProcessor.csproj", "{B19A1330-860B-4F86-B639-EDD05885C270}"
EndProject
Project("{9A19103F-16F7-4668-BE54-9A1E7A4F7556}") = "Blueprint.OpenApi", "src\Blueprint.OpenApi\Blueprint.OpenApi.csproj", "{F85FB069-29AD-48A2-AA7D-2C9F4109F23B}"
EndProject
Project("{9A19103F-16F7-4668-BE54-9A1E7A4F7556}") = "Blueprint.Tasks.AspNetCore", "src\Blueprint.Tasks.AspNetCore\Blueprint.Tasks.AspNetCore.csproj", "{BFC7A75B-7026-4C63-A1D8-FC084039661B}"
EndProject
Project("{9A19103F-16F7-4668-BE54-9A1E7A4F7556}") = "Blueprint.Apm.Elastic", "src\Blueprint.Apm.Elastic\Blueprint.Apm.Elastic.csproj", "{7C99F27D-D717-4E09-87EA-3224C30B26FF}"
EndProject
Project("{9A19103F-16F7-4668-BE54-9A1E7A4F7556}") = "Blueprint.Apm.OpenTracing", "src\Blueprint.Apm.OpenTracing\Blueprint.Apm.OpenTracing.csproj", "{BD6B4F26-3A27-4592-9F86-9EBF5B6DA8F1}"
EndProject
Project("{9A19103F-16F7-4668-BE54-9A1E7A4F7556}") = "Blueprint.Apm.DataDog", "src\Blueprint.Apm.Datadog\Blueprint.Apm.DataDog.csproj", "{426F1FA9-1ACD-45C8-956F-77C4F0FFE21A}"
EndProject
Project("{9A19103F-16F7-4668-BE54-9A1E7A4F7556}") = "Blueprint.Benchmarks", "tests\Blueprint.Benchmarks\Blueprint.Benchmarks.csproj", "{8D8BA677-3EB2-4FD5-BC1A-4876E6BD06EB}"
EndProject
Global
	GlobalSection(SolutionConfigurationPlatforms) = preSolution
		Debug|Any CPU = Debug|Any CPU
		Release|Any CPU = Release|Any CPU
	EndGlobalSection
	GlobalSection(ProjectConfigurationPlatforms) = postSolution
		{7674DAD1-13EF-4D51-91EC-0B76BCB87E6D}.Debug|Any CPU.ActiveCfg = Debug|Any CPU
		{7674DAD1-13EF-4D51-91EC-0B76BCB87E6D}.Debug|Any CPU.Build.0 = Debug|Any CPU
		{7674DAD1-13EF-4D51-91EC-0B76BCB87E6D}.Release|Any CPU.ActiveCfg = Release|Any CPU
		{7674DAD1-13EF-4D51-91EC-0B76BCB87E6D}.Release|Any CPU.Build.0 = Release|Any CPU
		{C7A422DB-A037-4F15-BD0C-FADD08DEEADC}.Debug|Any CPU.ActiveCfg = Debug|Any CPU
		{C7A422DB-A037-4F15-BD0C-FADD08DEEADC}.Debug|Any CPU.Build.0 = Debug|Any CPU
		{C7A422DB-A037-4F15-BD0C-FADD08DEEADC}.Release|Any CPU.ActiveCfg = Release|Any CPU
		{C7A422DB-A037-4F15-BD0C-FADD08DEEADC}.Release|Any CPU.Build.0 = Release|Any CPU
		{6EC8053C-6A69-4103-9663-711E42E9EADB}.Debug|Any CPU.ActiveCfg = Debug|Any CPU
		{6EC8053C-6A69-4103-9663-711E42E9EADB}.Debug|Any CPU.Build.0 = Debug|Any CPU
		{6EC8053C-6A69-4103-9663-711E42E9EADB}.Release|Any CPU.ActiveCfg = Release|Any CPU
		{6EC8053C-6A69-4103-9663-711E42E9EADB}.Release|Any CPU.Build.0 = Release|Any CPU
		{1ADB1F40-BD86-43D4-84A3-23C524060314}.Debug|Any CPU.ActiveCfg = Debug|Any CPU
		{1ADB1F40-BD86-43D4-84A3-23C524060314}.Debug|Any CPU.Build.0 = Debug|Any CPU
		{1ADB1F40-BD86-43D4-84A3-23C524060314}.Release|Any CPU.ActiveCfg = Release|Any CPU
		{1ADB1F40-BD86-43D4-84A3-23C524060314}.Release|Any CPU.Build.0 = Release|Any CPU
		{F469E40C-B0F3-4645-9344-1F4F35717958}.Debug|Any CPU.ActiveCfg = Debug|Any CPU
		{F469E40C-B0F3-4645-9344-1F4F35717958}.Debug|Any CPU.Build.0 = Debug|Any CPU
		{F469E40C-B0F3-4645-9344-1F4F35717958}.Release|Any CPU.ActiveCfg = Release|Any CPU
		{F469E40C-B0F3-4645-9344-1F4F35717958}.Release|Any CPU.Build.0 = Release|Any CPU
		{7CC83E0F-C068-47B2-BFEC-F35B4B28DFAE}.Debug|Any CPU.ActiveCfg = Debug|Any CPU
		{7CC83E0F-C068-47B2-BFEC-F35B4B28DFAE}.Debug|Any CPU.Build.0 = Debug|Any CPU
		{7CC83E0F-C068-47B2-BFEC-F35B4B28DFAE}.Release|Any CPU.ActiveCfg = Release|Any CPU
		{7CC83E0F-C068-47B2-BFEC-F35B4B28DFAE}.Release|Any CPU.Build.0 = Release|Any CPU
		{13F6F4DE-8A22-413C-A685-7413ACEAB2FC}.Debug|Any CPU.ActiveCfg = Debug|Any CPU
		{13F6F4DE-8A22-413C-A685-7413ACEAB2FC}.Debug|Any CPU.Build.0 = Debug|Any CPU
		{13F6F4DE-8A22-413C-A685-7413ACEAB2FC}.Release|Any CPU.ActiveCfg = Release|Any CPU
		{13F6F4DE-8A22-413C-A685-7413ACEAB2FC}.Release|Any CPU.Build.0 = Release|Any CPU
		{08F031E5-4B36-4C4D-8A85-A245025D3B55}.Debug|Any CPU.ActiveCfg = Debug|Any CPU
		{08F031E5-4B36-4C4D-8A85-A245025D3B55}.Debug|Any CPU.Build.0 = Debug|Any CPU
		{08F031E5-4B36-4C4D-8A85-A245025D3B55}.Release|Any CPU.ActiveCfg = Release|Any CPU
		{08F031E5-4B36-4C4D-8A85-A245025D3B55}.Release|Any CPU.Build.0 = Release|Any CPU
		{E548332B-DB5E-48C5-933F-5DDD6AA42BC1}.Debug|Any CPU.ActiveCfg = Debug|Any CPU
		{E548332B-DB5E-48C5-933F-5DDD6AA42BC1}.Debug|Any CPU.Build.0 = Debug|Any CPU
		{E548332B-DB5E-48C5-933F-5DDD6AA42BC1}.Release|Any CPU.ActiveCfg = Release|Any CPU
		{E548332B-DB5E-48C5-933F-5DDD6AA42BC1}.Release|Any CPU.Build.0 = Release|Any CPU
		{2A11A316-1F23-4FED-B480-2DC55B9C4A31}.Debug|Any CPU.ActiveCfg = Debug|Any CPU
		{2A11A316-1F23-4FED-B480-2DC55B9C4A31}.Debug|Any CPU.Build.0 = Debug|Any CPU
		{2A11A316-1F23-4FED-B480-2DC55B9C4A31}.Release|Any CPU.ActiveCfg = Release|Any CPU
		{2A11A316-1F23-4FED-B480-2DC55B9C4A31}.Release|Any CPU.Build.0 = Release|Any CPU
		{8AA96541-267F-42FD-8399-37952881347F}.Debug|Any CPU.ActiveCfg = Debug|Any CPU
		{8AA96541-267F-42FD-8399-37952881347F}.Debug|Any CPU.Build.0 = Debug|Any CPU
		{8AA96541-267F-42FD-8399-37952881347F}.Release|Any CPU.ActiveCfg = Release|Any CPU
		{8AA96541-267F-42FD-8399-37952881347F}.Release|Any CPU.Build.0 = Release|Any CPU
		{8C575F82-1372-485C-83C1-67C359CF9273}.Debug|Any CPU.ActiveCfg = Debug|Any CPU
		{8C575F82-1372-485C-83C1-67C359CF9273}.Debug|Any CPU.Build.0 = Debug|Any CPU
		{8C575F82-1372-485C-83C1-67C359CF9273}.Release|Any CPU.ActiveCfg = Release|Any CPU
		{8C575F82-1372-485C-83C1-67C359CF9273}.Release|Any CPU.Build.0 = Release|Any CPU
		{DCBCA75F-2724-4E2D-A2DE-5CBCDAE2457A}.Debug|Any CPU.ActiveCfg = Debug|Any CPU
		{DCBCA75F-2724-4E2D-A2DE-5CBCDAE2457A}.Debug|Any CPU.Build.0 = Debug|Any CPU
		{DCBCA75F-2724-4E2D-A2DE-5CBCDAE2457A}.Release|Any CPU.ActiveCfg = Release|Any CPU
		{DCBCA75F-2724-4E2D-A2DE-5CBCDAE2457A}.Release|Any CPU.Build.0 = Release|Any CPU
		{AFD34C5B-80F7-4190-B581-5AC0DE5FE197}.Debug|Any CPU.ActiveCfg = Debug|Any CPU
		{AFD34C5B-80F7-4190-B581-5AC0DE5FE197}.Debug|Any CPU.Build.0 = Debug|Any CPU
		{AFD34C5B-80F7-4190-B581-5AC0DE5FE197}.Release|Any CPU.ActiveCfg = Release|Any CPU
		{AFD34C5B-80F7-4190-B581-5AC0DE5FE197}.Release|Any CPU.Build.0 = Release|Any CPU
		{E9F589F2-B7E6-4EEE-9B91-400A32A6FBAD}.Debug|Any CPU.ActiveCfg = Debug|Any CPU
		{E9F589F2-B7E6-4EEE-9B91-400A32A6FBAD}.Debug|Any CPU.Build.0 = Debug|Any CPU
		{E9F589F2-B7E6-4EEE-9B91-400A32A6FBAD}.Release|Any CPU.ActiveCfg = Release|Any CPU
		{E9F589F2-B7E6-4EEE-9B91-400A32A6FBAD}.Release|Any CPU.Build.0 = Release|Any CPU
		{92A00B44-2D35-4291-852D-14B9A1386908}.Debug|Any CPU.ActiveCfg = Debug|Any CPU
		{92A00B44-2D35-4291-852D-14B9A1386908}.Debug|Any CPU.Build.0 = Debug|Any CPU
		{92A00B44-2D35-4291-852D-14B9A1386908}.Release|Any CPU.ActiveCfg = Release|Any CPU
		{92A00B44-2D35-4291-852D-14B9A1386908}.Release|Any CPU.Build.0 = Release|Any CPU
		{B19A1330-860B-4F86-B639-EDD05885C270}.Debug|Any CPU.ActiveCfg = Debug|Any CPU
		{B19A1330-860B-4F86-B639-EDD05885C270}.Debug|Any CPU.Build.0 = Debug|Any CPU
		{B19A1330-860B-4F86-B639-EDD05885C270}.Release|Any CPU.ActiveCfg = Release|Any CPU
		{B19A1330-860B-4F86-B639-EDD05885C270}.Release|Any CPU.Build.0 = Release|Any CPU
		{F85FB069-29AD-48A2-AA7D-2C9F4109F23B}.Debug|Any CPU.ActiveCfg = Debug|Any CPU
		{F85FB069-29AD-48A2-AA7D-2C9F4109F23B}.Debug|Any CPU.Build.0 = Debug|Any CPU
		{F85FB069-29AD-48A2-AA7D-2C9F4109F23B}.Release|Any CPU.ActiveCfg = Release|Any CPU
		{F85FB069-29AD-48A2-AA7D-2C9F4109F23B}.Release|Any CPU.Build.0 = Release|Any CPU
		{BFC7A75B-7026-4C63-A1D8-FC084039661B}.Debug|Any CPU.ActiveCfg = Debug|Any CPU
		{BFC7A75B-7026-4C63-A1D8-FC084039661B}.Debug|Any CPU.Build.0 = Debug|Any CPU
		{BFC7A75B-7026-4C63-A1D8-FC084039661B}.Release|Any CPU.ActiveCfg = Release|Any CPU
		{BFC7A75B-7026-4C63-A1D8-FC084039661B}.Release|Any CPU.Build.0 = Release|Any CPU
		{7C99F27D-D717-4E09-87EA-3224C30B26FF}.Debug|Any CPU.ActiveCfg = Debug|Any CPU
		{7C99F27D-D717-4E09-87EA-3224C30B26FF}.Debug|Any CPU.Build.0 = Debug|Any CPU
		{7C99F27D-D717-4E09-87EA-3224C30B26FF}.Release|Any CPU.ActiveCfg = Release|Any CPU
		{7C99F27D-D717-4E09-87EA-3224C30B26FF}.Release|Any CPU.Build.0 = Release|Any CPU
		{BD6B4F26-3A27-4592-9F86-9EBF5B6DA8F1}.Debug|Any CPU.ActiveCfg = Debug|Any CPU
		{BD6B4F26-3A27-4592-9F86-9EBF5B6DA8F1}.Debug|Any CPU.Build.0 = Debug|Any CPU
		{BD6B4F26-3A27-4592-9F86-9EBF5B6DA8F1}.Release|Any CPU.ActiveCfg = Release|Any CPU
		{BD6B4F26-3A27-4592-9F86-9EBF5B6DA8F1}.Release|Any CPU.Build.0 = Release|Any CPU
		{426F1FA9-1ACD-45C8-956F-77C4F0FFE21A}.Debug|Any CPU.ActiveCfg = Debug|Any CPU
		{426F1FA9-1ACD-45C8-956F-77C4F0FFE21A}.Debug|Any CPU.Build.0 = Debug|Any CPU
		{426F1FA9-1ACD-45C8-956F-77C4F0FFE21A}.Release|Any CPU.ActiveCfg = Release|Any CPU
		{426F1FA9-1ACD-45C8-956F-77C4F0FFE21A}.Release|Any CPU.Build.0 = Release|Any CPU
		{8D8BA677-3EB2-4FD5-BC1A-4876E6BD06EB}.Debug|Any CPU.ActiveCfg = Debug|Any CPU
		{8D8BA677-3EB2-4FD5-BC1A-4876E6BD06EB}.Debug|Any CPU.Build.0 = Debug|Any CPU
		{8D8BA677-3EB2-4FD5-BC1A-4876E6BD06EB}.Release|Any CPU.ActiveCfg = Release|Any CPU
		{8D8BA677-3EB2-4FD5-BC1A-4876E6BD06EB}.Release|Any CPU.Build.0 = Release|Any CPU
	EndGlobalSection
	GlobalSection(SolutionProperties) = preSolution
		HideSolutionNode = FALSE
	EndGlobalSection
	GlobalSection(NestedProjects) = preSolution
		{7674DAD1-13EF-4D51-91EC-0B76BCB87E6D} = {44E38BE8-9648-4112-920F-2A0EE10A6F8C}
		{C7A422DB-A037-4F15-BD0C-FADD08DEEADC} = {44E38BE8-9648-4112-920F-2A0EE10A6F8C}
		{6EC8053C-6A69-4103-9663-711E42E9EADB} = {44E38BE8-9648-4112-920F-2A0EE10A6F8C}
		{1ADB1F40-BD86-43D4-84A3-23C524060314} = {44E38BE8-9648-4112-920F-2A0EE10A6F8C}
		{F469E40C-B0F3-4645-9344-1F4F35717958} = {9500564D-5E23-471A-BE6E-EA9051177CE1}
		{7CC83E0F-C068-47B2-BFEC-F35B4B28DFAE} = {44E38BE8-9648-4112-920F-2A0EE10A6F8C}
		{13F6F4DE-8A22-413C-A685-7413ACEAB2FC} = {44E38BE8-9648-4112-920F-2A0EE10A6F8C}
		{08F031E5-4B36-4C4D-8A85-A245025D3B55} = {44E38BE8-9648-4112-920F-2A0EE10A6F8C}
		{E548332B-DB5E-48C5-933F-5DDD6AA42BC1} = {44E38BE8-9648-4112-920F-2A0EE10A6F8C}
		{2A11A316-1F23-4FED-B480-2DC55B9C4A31} = {44E38BE8-9648-4112-920F-2A0EE10A6F8C}
		{8AA96541-267F-42FD-8399-37952881347F} = {44E38BE8-9648-4112-920F-2A0EE10A6F8C}
		{8C575F82-1372-485C-83C1-67C359CF9273} = {EACE4109-A1D6-4FAE-846D-98A171871FF6}
		{DCBCA75F-2724-4E2D-A2DE-5CBCDAE2457A} = {EACE4109-A1D6-4FAE-846D-98A171871FF6}
		{AFD34C5B-80F7-4190-B581-5AC0DE5FE197} = {9500564D-5E23-471A-BE6E-EA9051177CE1}
		{E9F589F2-B7E6-4EEE-9B91-400A32A6FBAD} = {44E38BE8-9648-4112-920F-2A0EE10A6F8C}
		{92A00B44-2D35-4291-852D-14B9A1386908} = {44E38BE8-9648-4112-920F-2A0EE10A6F8C}
		{B19A1330-860B-4F86-B639-EDD05885C270} = {EACE4109-A1D6-4FAE-846D-98A171871FF6}
		{F85FB069-29AD-48A2-AA7D-2C9F4109F23B} = {44E38BE8-9648-4112-920F-2A0EE10A6F8C}
		{BFC7A75B-7026-4C63-A1D8-FC084039661B} = {44E38BE8-9648-4112-920F-2A0EE10A6F8C}
		{7C99F27D-D717-4E09-87EA-3224C30B26FF} = {44E38BE8-9648-4112-920F-2A0EE10A6F8C}
		{BD6B4F26-3A27-4592-9F86-9EBF5B6DA8F1} = {44E38BE8-9648-4112-920F-2A0EE10A6F8C}
		{426F1FA9-1ACD-45C8-956F-77C4F0FFE21A} = {44E38BE8-9648-4112-920F-2A0EE10A6F8C}
		{8D8BA677-3EB2-4FD5-BC1A-4876E6BD06EB} = {9500564D-5E23-471A-BE6E-EA9051177CE1}
	EndGlobalSection
	GlobalSection(ExtensibilityGlobals) = postSolution
		SolutionGuid = {02F562F3-07E9-4916-86D8-34B35CFC527E}
	EndGlobalSection
EndGlobal
