
Microsoft Visual Studio Solution File, Format Version 12.00
# Visual Studio Version 16
VisualStudioVersion = 16.0.29230.47
MinimumVisualStudioVersion = 10.0.40219.1
Project("{9A19103F-16F7-4668-BE54-9A1E7A4F7556}") = "Blueprint.Compiler", "src\Blueprint.Compiler\Blueprint.Compiler.csproj", "{7674DAD1-13EF-4D51-91EC-0B76BCB87E6D}"
EndProject
Project("{9A19103F-16F7-4668-BE54-9A1E7A4F7556}") = "Blueprint.Core", "src\Blueprint.Core\Blueprint.Core.csproj", "{C7A422DB-A037-4F15-BD0C-FADD08DEEADC}"
EndProject
Project("{9A19103F-16F7-4668-BE54-9A1E7A4F7556}") = "Blueprint.Hangfire", "src\Blueprint.Hangfire\Blueprint.Hangfire.csproj", "{6EC8053C-6A69-4103-9663-711E42E9EADB}"
EndProject
Project("{9A19103F-16F7-4668-BE54-9A1E7A4F7556}") = "Blueprint.Testing", "src\Blueprint.Testing\Blueprint.Testing.csproj", "{1ADB1F40-BD86-43D4-84A3-23C524060314}"
EndProject
Project("{9A19103F-16F7-4668-BE54-9A1E7A4F7556}") = "Blueprint.Tests", "src\Blueprint.Tests\Blueprint.Tests.csproj", "{F469E40C-B0F3-4645-9344-1F4F35717958}"
EndProject
Project("{9A19103F-16F7-4668-BE54-9A1E7A4F7556}") = "Blueprint.NHibernate", "src\Blueprint.NHibernate\Blueprint.NHibernate.csproj", "{EA6AC8CB-F249-48E8-B530-7B86EAB8163D}"
EndProject
Project("{9A19103F-16F7-4668-BE54-9A1E7A4F7556}") = "Blueprint.Notifications", "src\Blueprint.Notifications\Blueprint.Notifications.csproj", "{7CC83E0F-C068-47B2-BFEC-F35B4B28DFAE}"
EndProject
Project("{9A19103F-16F7-4668-BE54-9A1E7A4F7556}") = "Blueprint.SqlServer", "src\Blueprint.SqlServer\Blueprint.SqlServer.csproj", "{13F6F4DE-8A22-413C-A685-7413ACEAB2FC}"
EndProject
Project("{9A19103F-16F7-4668-BE54-9A1E7A4F7556}") = "Blueprint.Postgres", "src\Blueprint.Postgres\Blueprint.Postgres.csproj", "{08F031E5-4B36-4C4D-8A85-A245025D3B55}"
EndProject
Project("{9A19103F-16F7-4668-BE54-9A1E7A4F7556}") = "Blueprint.Api", "src\Blueprint.Api\Blueprint.Api.csproj", "{DCF9FF2E-557A-4D47-BFAF-CC57F45E7494}"
EndProject
Project("{9A19103F-16F7-4668-BE54-9A1E7A4F7556}") = "Blueprint.ApplicationInsights", "src\Blueprint.ApplicationInsights\Blueprint.ApplicationInsights.csproj", "{E548332B-DB5E-48C5-933F-5DDD6AA42BC1}"
EndProject
Project("{9A19103F-16F7-4668-BE54-9A1E7A4F7556}") = "Blueprint.ServiceProvider", "src\Blueprint.ServiceProvider\Blueprint.ServiceProvider.csproj", "{34F90935-7BDC-4FE8-BE22-F4A13ABF0012}"
EndProject
Project("{9A19103F-16F7-4668-BE54-9A1E7A4F7556}") = "Blueprint.StructureMap", "src\Blueprint.StructureMap\Blueprint.StructureMap.csproj", "{2A11A316-1F23-4FED-B480-2DC55B9C4A31}"
EndProject
Project("{FAE04EC0-301F-11D3-BF4B-00C04F79EFBC}") = "Blueprint.Stackify", "src\Blueprint.Stackify\Blueprint.Stackify.csproj", "{8AA96541-267F-42FD-8399-37952881347F}"
EndProject
Global
	GlobalSection(SolutionConfigurationPlatforms) = preSolution
		Debug|Any CPU = Debug|Any CPU
		Release|Any CPU = Release|Any CPU
	EndGlobalSection
	GlobalSection(ProjectConfigurationPlatforms) = postSolution
		{7674DAD1-13EF-4D51-91EC-0B76BCB87E6D}.Debug|Any CPU.ActiveCfg = Debug|Any CPU
		{7674DAD1-13EF-4D51-91EC-0B76BCB87E6D}.Debug|Any CPU.Build.0 = Debug|Any CPU
		{7674DAD1-13EF-4D51-91EC-0B76BCB87E6D}.Release|Any CPU.ActiveCfg = Release|Any CPU
		{7674DAD1-13EF-4D51-91EC-0B76BCB87E6D}.Release|Any CPU.Build.0 = Release|Any CPU
		{C7A422DB-A037-4F15-BD0C-FADD08DEEADC}.Debug|Any CPU.ActiveCfg = Debug|Any CPU
		{C7A422DB-A037-4F15-BD0C-FADD08DEEADC}.Debug|Any CPU.Build.0 = Debug|Any CPU
		{C7A422DB-A037-4F15-BD0C-FADD08DEEADC}.Release|Any CPU.ActiveCfg = Release|Any CPU
		{C7A422DB-A037-4F15-BD0C-FADD08DEEADC}.Release|Any CPU.Build.0 = Release|Any CPU
		{6EC8053C-6A69-4103-9663-711E42E9EADB}.Debug|Any CPU.ActiveCfg = Debug|Any CPU
		{6EC8053C-6A69-4103-9663-711E42E9EADB}.Debug|Any CPU.Build.0 = Debug|Any CPU
		{6EC8053C-6A69-4103-9663-711E42E9EADB}.Release|Any CPU.ActiveCfg = Release|Any CPU
		{6EC8053C-6A69-4103-9663-711E42E9EADB}.Release|Any CPU.Build.0 = Release|Any CPU
		{1ADB1F40-BD86-43D4-84A3-23C524060314}.Debug|Any CPU.ActiveCfg = Debug|Any CPU
		{1ADB1F40-BD86-43D4-84A3-23C524060314}.Debug|Any CPU.Build.0 = Debug|Any CPU
		{1ADB1F40-BD86-43D4-84A3-23C524060314}.Release|Any CPU.ActiveCfg = Release|Any CPU
		{1ADB1F40-BD86-43D4-84A3-23C524060314}.Release|Any CPU.Build.0 = Release|Any CPU
		{F469E40C-B0F3-4645-9344-1F4F35717958}.Debug|Any CPU.ActiveCfg = Debug|Any CPU
		{F469E40C-B0F3-4645-9344-1F4F35717958}.Debug|Any CPU.Build.0 = Debug|Any CPU
		{F469E40C-B0F3-4645-9344-1F4F35717958}.Release|Any CPU.ActiveCfg = Release|Any CPU
		{F469E40C-B0F3-4645-9344-1F4F35717958}.Release|Any CPU.Build.0 = Release|Any CPU
		{EA6AC8CB-F249-48E8-B530-7B86EAB8163D}.Debug|Any CPU.ActiveCfg = Debug|Any CPU
		{EA6AC8CB-F249-48E8-B530-7B86EAB8163D}.Debug|Any CPU.Build.0 = Debug|Any CPU
		{EA6AC8CB-F249-48E8-B530-7B86EAB8163D}.Release|Any CPU.ActiveCfg = Release|Any CPU
		{EA6AC8CB-F249-48E8-B530-7B86EAB8163D}.Release|Any CPU.Build.0 = Release|Any CPU
		{7CC83E0F-C068-47B2-BFEC-F35B4B28DFAE}.Debug|Any CPU.ActiveCfg = Debug|Any CPU
		{7CC83E0F-C068-47B2-BFEC-F35B4B28DFAE}.Debug|Any CPU.Build.0 = Debug|Any CPU
		{7CC83E0F-C068-47B2-BFEC-F35B4B28DFAE}.Release|Any CPU.ActiveCfg = Release|Any CPU
		{7CC83E0F-C068-47B2-BFEC-F35B4B28DFAE}.Release|Any CPU.Build.0 = Release|Any CPU
		{13F6F4DE-8A22-413C-A685-7413ACEAB2FC}.Debug|Any CPU.ActiveCfg = Debug|Any CPU
		{13F6F4DE-8A22-413C-A685-7413ACEAB2FC}.Debug|Any CPU.Build.0 = Debug|Any CPU
		{13F6F4DE-8A22-413C-A685-7413ACEAB2FC}.Release|Any CPU.ActiveCfg = Release|Any CPU
		{13F6F4DE-8A22-413C-A685-7413ACEAB2FC}.Release|Any CPU.Build.0 = Release|Any CPU
		{08F031E5-4B36-4C4D-8A85-A245025D3B55}.Debug|Any CPU.ActiveCfg = Debug|Any CPU
		{08F031E5-4B36-4C4D-8A85-A245025D3B55}.Debug|Any CPU.Build.0 = Debug|Any CPU
		{08F031E5-4B36-4C4D-8A85-A245025D3B55}.Release|Any CPU.ActiveCfg = Release|Any CPU
		{08F031E5-4B36-4C4D-8A85-A245025D3B55}.Release|Any CPU.Build.0 = Release|Any CPU
		{DCF9FF2E-557A-4D47-BFAF-CC57F45E7494}.Debug|Any CPU.ActiveCfg = Debug|Any CPU
		{DCF9FF2E-557A-4D47-BFAF-CC57F45E7494}.Debug|Any CPU.Build.0 = Debug|Any CPU
		{DCF9FF2E-557A-4D47-BFAF-CC57F45E7494}.Release|Any CPU.ActiveCfg = Release|Any CPU
		{DCF9FF2E-557A-4D47-BFAF-CC57F45E7494}.Release|Any CPU.Build.0 = Release|Any CPU
		{E548332B-DB5E-48C5-933F-5DDD6AA42BC1}.Debug|Any CPU.ActiveCfg = Debug|Any CPU
		{E548332B-DB5E-48C5-933F-5DDD6AA42BC1}.Debug|Any CPU.Build.0 = Debug|Any CPU
		{E548332B-DB5E-48C5-933F-5DDD6AA42BC1}.Release|Any CPU.ActiveCfg = Release|Any CPU
		{E548332B-DB5E-48C5-933F-5DDD6AA42BC1}.Release|Any CPU.Build.0 = Release|Any CPU
		{34F90935-7BDC-4FE8-BE22-F4A13ABF0012}.Debug|Any CPU.ActiveCfg = Debug|Any CPU
		{34F90935-7BDC-4FE8-BE22-F4A13ABF0012}.Debug|Any CPU.Build.0 = Debug|Any CPU
		{34F90935-7BDC-4FE8-BE22-F4A13ABF0012}.Release|Any CPU.ActiveCfg = Release|Any CPU
		{34F90935-7BDC-4FE8-BE22-F4A13ABF0012}.Release|Any CPU.Build.0 = Release|Any CPU
		{2A11A316-1F23-4FED-B480-2DC55B9C4A31}.Debug|Any CPU.ActiveCfg = Debug|Any CPU
		{2A11A316-1F23-4FED-B480-2DC55B9C4A31}.Debug|Any CPU.Build.0 = Debug|Any CPU
		{2A11A316-1F23-4FED-B480-2DC55B9C4A31}.Release|Any CPU.ActiveCfg = Release|Any CPU
		{2A11A316-1F23-4FED-B480-2DC55B9C4A31}.Release|Any CPU.Build.0 = Release|Any CPU
		{8AA96541-267F-42FD-8399-37952881347F}.Debug|Any CPU.ActiveCfg = Debug|Any CPU
		{8AA96541-267F-42FD-8399-37952881347F}.Debug|Any CPU.Build.0 = Debug|Any CPU
		{8AA96541-267F-42FD-8399-37952881347F}.Release|Any CPU.ActiveCfg = Release|Any CPU
		{8AA96541-267F-42FD-8399-37952881347F}.Release|Any CPU.Build.0 = Release|Any CPU
	EndGlobalSection
	GlobalSection(SolutionProperties) = preSolution
		HideSolutionNode = FALSE
	EndGlobalSection
	GlobalSection(ExtensibilityGlobals) = postSolution
		SolutionGuid = {02F562F3-07E9-4916-86D8-34B35CFC527E}
	EndGlobalSection
EndGlobal
